
Microsoft Visual Studio Solution File, Format Version 12.00
# Visual Studio Version 16
VisualStudioVersion = 16.0.30611.23
MinimumVisualStudioVersion = 10.0.40219.1
Project("{FAE04EC0-301F-11D3-BF4B-00C04F79EFBC}") = "ProjetoGit", "ProjetoGit\ProjetoGit.csproj", "{3FCCB90F-0677-4B68-8F62-619F31B93B2E}"
EndProject
Global
	GlobalSection(SolutionConfigurationPlatforms) = preSolution
		Debug|Any CPU = Debug|Any CPU
		Release|Any CPU = Release|Any CPU
	EndGlobalSection
	GlobalSection(ProjectConfigurationPlatforms) = postSolution
		{3FCCB90F-0677-4B68-8F62-619F31B93B2E}.Debug|Any CPU.ActiveCfg = Debug|Any CPU
		{3FCCB90F-0677-4B68-8F62-619F31B93B2E}.Debug|Any CPU.Build.0 = Debug|Any CPU
		{3FCCB90F-0677-4B68-8F62-619F31B93B2E}.Release|Any CPU.ActiveCfg = Release|Any CPU
		{3FCCB90F-0677-4B68-8F62-619F31B93B2E}.Release|Any CPU.Build.0 = Release|Any CPU
	EndGlobalSection
	GlobalSection(SolutionProperties) = preSolution
		HideSolutionNode = FALSE
	EndGlobalSection
	GlobalSection(ExtensibilityGlobals) = postSolution
		SolutionGuid = {733F05DE-4B9E-43AD-9A52-BDEE3B3752C8}
	EndGlobalSection
EndGlobal
